
Microsoft Visual Studio Solution File, Format Version 12.00
# Visual Studio Version 17
VisualStudioVersion = 17.1.32210.238
MinimumVisualStudioVersion = 10.0.40219.1
Project("{9A19103F-16F7-4668-BE54-9A1E7A4F7556}") = "ArqInf", "App\ArqInf.csproj", "{D14FBBB0-3BEE-4910-849B-FAF2D5D4137B}"
EndProject
Project("{9A19103F-16F7-4668-BE54-9A1E7A4F7556}") = "IntegrationTests", "IntegrationTests\IntegrationTests.csproj", "{02A764BC-8194-4828-8953-CBD5F99C6FD2}"
EndProject
Project("{9A19103F-16F7-4668-BE54-9A1E7A4F7556}") = "UnitTests", "UnitTests\UnitTests.csproj", "{CAAE26A4-A68D-4173-BEE7-FD10DE917FDC}"
EndProject
Global
	GlobalSection(SolutionConfigurationPlatforms) = preSolution
		Debug|Any CPU = Debug|Any CPU
		Release|Any CPU = Release|Any CPU
	EndGlobalSection
	GlobalSection(ProjectConfigurationPlatforms) = postSolution
		{D14FBBB0-3BEE-4910-849B-FAF2D5D4137B}.Debug|Any CPU.ActiveCfg = Debug|Any CPU
		{D14FBBB0-3BEE-4910-849B-FAF2D5D4137B}.Debug|Any CPU.Build.0 = Debug|Any CPU
		{D14FBBB0-3BEE-4910-849B-FAF2D5D4137B}.Release|Any CPU.ActiveCfg = Release|Any CPU
		{D14FBBB0-3BEE-4910-849B-FAF2D5D4137B}.Release|Any CPU.Build.0 = Release|Any CPU
		{02A764BC-8194-4828-8953-CBD5F99C6FD2}.Debug|Any CPU.ActiveCfg = Debug|Any CPU
		{02A764BC-8194-4828-8953-CBD5F99C6FD2}.Debug|Any CPU.Build.0 = Debug|Any CPU
		{02A764BC-8194-4828-8953-CBD5F99C6FD2}.Release|Any CPU.ActiveCfg = Release|Any CPU
		{02A764BC-8194-4828-8953-CBD5F99C6FD2}.Release|Any CPU.Build.0 = Release|Any CPU
		{CAAE26A4-A68D-4173-BEE7-FD10DE917FDC}.Debug|Any CPU.ActiveCfg = Debug|Any CPU
		{CAAE26A4-A68D-4173-BEE7-FD10DE917FDC}.Debug|Any CPU.Build.0 = Debug|Any CPU
		{CAAE26A4-A68D-4173-BEE7-FD10DE917FDC}.Release|Any CPU.ActiveCfg = Release|Any CPU
		{CAAE26A4-A68D-4173-BEE7-FD10DE917FDC}.Release|Any CPU.Build.0 = Release|Any CPU
	EndGlobalSection
	GlobalSection(SolutionProperties) = preSolution
		HideSolutionNode = FALSE
	EndGlobalSection
	GlobalSection(ExtensibilityGlobals) = postSolution
		SolutionGuid = {C2D8FC1F-C10A-47A2-8774-10AB8DE591A9}
	EndGlobalSection
EndGlobal
